<?xml version="1.0" encoding="utf-8"?>
<Project ToolsVersion="4.0" xmlns="http://schemas.microsoft.com/developer/msbuild/2003">
  <ItemGroup>
    <Filter Include="Shade">
      <UniqueIdentifier>{4AA3170E-B6B7-3FBF-7F39-E31EEB0C3CF0}</UniqueIdentifier>
    </Filter>
    <Filter Include="Shade\Events">
      <UniqueIdentifier>{EE773F6F-DADA-CE13-8360-07CA6FA29A96}</UniqueIdentifier>
    </Filter>
  </ItemGroup>
  <ItemGroup>
    <ClInclude Include="src\Shade.h" />
    <ClInclude Include="src\Shade\Application.h">
      <Filter>Shade</Filter>
    </ClInclude>
    <ClInclude Include="src\Shade\Core.h">
      <Filter>Shade</Filter>
    </ClInclude>
    <ClInclude Include="src\Shade\EntryPoint.h">
      <Filter>Shade</Filter>
    </ClInclude>
    <ClInclude Include="src\Shade\Events\ApplicationEvent.h">
      <Filter>Shade\Events</Filter>
    </ClInclude>
    <ClInclude Include="src\Shade\Events\Event.h">
      <Filter>Shade\Events</Filter>
    </ClInclude>
    <ClInclude Include="src\Shade\Events\KeyEvent.h">
      <Filter>Shade\Events</Filter>
    </ClInclude>
    <ClInclude Include="src\Shade\Events\MouseEvent.h">
      <Filter>Shade\Events</Filter>
    </ClInclude>
    <ClInclude Include="src\Shade\Log.h">
      <Filter>Shade</Filter>
    </ClInclude>
    <ClInclude Include="src\sdpch.h" />
  </ItemGroup>
  <ItemGroup>
    <ClCompile Include="src\Shade\Application.cpp">
      <Filter>Shade</Filter>
    </ClCompile>
    <ClCompile Include="src\Shade\Log.cpp">
      <Filter>Shade</Filter>
    </ClCompile>
    <ClCompile Include="src\sdpch.cpp" />
  </ItemGroup>
</Project>